
Microsoft Visual Studio Solution File, Format Version 12.00
# Visual Studio Version 17
VisualStudioVersion = 17.7.34031.279
MinimumVisualStudioVersion = 10.0.40219.1
Project("{FAE04EC0-301F-11D3-BF4B-00C04F79EFBC}") = "Musify", "Musify\Musify.csproj", "{21B5E4A8-3139-4391-9D90-FE0F7D5727EE}"
EndProject
Global
	GlobalSection(SolutionConfigurationPlatforms) = preSolution
		Debug|Any CPU = Debug|Any CPU
		Release|Any CPU = Release|Any CPU
	EndGlobalSection
	GlobalSection(ProjectConfigurationPlatforms) = postSolution
		{21B5E4A8-3139-4391-9D90-FE0F7D5727EE}.Debug|Any CPU.ActiveCfg = Debug|Any CPU
		{21B5E4A8-3139-4391-9D90-FE0F7D5727EE}.Debug|Any CPU.Build.0 = Debug|Any CPU
		{21B5E4A8-3139-4391-9D90-FE0F7D5727EE}.Release|Any CPU.ActiveCfg = Release|Any CPU
		{21B5E4A8-3139-4391-9D90-FE0F7D5727EE}.Release|Any CPU.Build.0 = Release|Any CPU
	EndGlobalSection
	GlobalSection(SolutionProperties) = preSolution
		HideSolutionNode = FALSE
	EndGlobalSection
	GlobalSection(ExtensibilityGlobals) = postSolution
		SolutionGuid = {50EB4310-B3EF-4A93-B35F-831D5B89725F}
	EndGlobalSection
EndGlobal
